
Microsoft Visual Studio Solution File, Format Version 12.00
# Visual Studio 15
VisualStudioVersion = 15.0.27428.2015
MinimumVisualStudioVersion = 10.0.40219.1
Project("{9A19103F-16F7-4668-BE54-9A1E7A4F7556}") = "LogManagerCore2", "LogManagerCore2\LogManagerCore2.csproj", "{3F401F33-5FBC-4D16-9D18-D1998CE8F92B}"
EndProject
Project("{9A19103F-16F7-4668-BE54-9A1E7A4F7556}") = "LogManagerCore2UnitTest", "LogManagerCore2UnitTest\LogManagerCore2UnitTest.csproj", "{808FD694-3F1D-4C4B-91B5-292692551E6A}"
EndProject
Global
	GlobalSection(SolutionConfigurationPlatforms) = preSolution
		Debug|Any CPU = Debug|Any CPU
		Release|Any CPU = Release|Any CPU
	EndGlobalSection
	GlobalSection(ProjectConfigurationPlatforms) = postSolution
		{3F401F33-5FBC-4D16-9D18-D1998CE8F92B}.Debug|Any CPU.ActiveCfg = Debug|Any CPU
		{3F401F33-5FBC-4D16-9D18-D1998CE8F92B}.Debug|Any CPU.Build.0 = Debug|Any CPU
		{3F401F33-5FBC-4D16-9D18-D1998CE8F92B}.Release|Any CPU.ActiveCfg = Release|Any CPU
		{3F401F33-5FBC-4D16-9D18-D1998CE8F92B}.Release|Any CPU.Build.0 = Release|Any CPU
		{808FD694-3F1D-4C4B-91B5-292692551E6A}.Debug|Any CPU.ActiveCfg = Debug|Any CPU
		{808FD694-3F1D-4C4B-91B5-292692551E6A}.Debug|Any CPU.Build.0 = Debug|Any CPU
		{808FD694-3F1D-4C4B-91B5-292692551E6A}.Release|Any CPU.ActiveCfg = Release|Any CPU
		{808FD694-3F1D-4C4B-91B5-292692551E6A}.Release|Any CPU.Build.0 = Release|Any CPU
	EndGlobalSection
	GlobalSection(SolutionProperties) = preSolution
		HideSolutionNode = FALSE
	EndGlobalSection
	GlobalSection(ExtensibilityGlobals) = postSolution
		SolutionGuid = {0376DC88-5101-42D6-9461-29B299928CF4}
	EndGlobalSection
EndGlobal
